
Microsoft Visual Studio Solution File, Format Version 12.00
# Visual Studio Version 16
VisualStudioVersion = 16.0.31402.337
MinimumVisualStudioVersion = 10.0.40219.1
Project("{FAE04EC0-301F-11D3-BF4B-00C04F79EFBC}") = "NumberToThaiText", "NumberToThaiText\NumberToThaiText.csproj", "{69BE65BD-E2DA-49D0-AB4A-F9A788B67217}"
EndProject
Global
	GlobalSection(SolutionConfigurationPlatforms) = preSolution
		Debug|Any CPU = Debug|Any CPU
		Release|Any CPU = Release|Any CPU
	EndGlobalSection
	GlobalSection(ProjectConfigurationPlatforms) = postSolution
		{69BE65BD-E2DA-49D0-AB4A-F9A788B67217}.Debug|Any CPU.ActiveCfg = Debug|Any CPU
		{69BE65BD-E2DA-49D0-AB4A-F9A788B67217}.Debug|Any CPU.Build.0 = Debug|Any CPU
		{69BE65BD-E2DA-49D0-AB4A-F9A788B67217}.Release|Any CPU.ActiveCfg = Release|Any CPU
		{69BE65BD-E2DA-49D0-AB4A-F9A788B67217}.Release|Any CPU.Build.0 = Release|Any CPU
	EndGlobalSection
	GlobalSection(SolutionProperties) = preSolution
		HideSolutionNode = FALSE
	EndGlobalSection
	GlobalSection(ExtensibilityGlobals) = postSolution
		SolutionGuid = {86D6055D-FDF4-4C5A-B160-FCE6693FF689}
	EndGlobalSection
EndGlobal
